
Microsoft Visual Studio Solution File, Format Version 12.00
# Visual Studio Version 17
VisualStudioVersion = 17.0.31903.59
MinimumVisualStudioVersion = 10.0.40219.1
Project("{2150E333-8FDC-42A3-9474-1A3956D46DE8}") = "core", "core", "{FBF56CC3-7AE6-AD2D-3F14-7F97FD322CD6}"
EndProject
Project("{FAE04EC0-301F-11D3-BF4B-00C04F79EFBC}") = "Veriqa.Core.AuditTrail.EntityFrameworkCore", "core\Veriqa.Core.AuditTrail.EntityFrameworkCore\Veriqa.Core.AuditTrail.EntityFrameworkCore.csproj", "{7CB68CE5-396E-5616-9E93-829391CA38A6}"
EndProject
Project("{FAE04EC0-301F-11D3-BF4B-00C04F79EFBC}") = "Veriqa.Core.AuditTrail", "core\Veriqa.Core.AuditTrail\Veriqa.Core.AuditTrail.csproj", "{52B84420-B701-5D18-8EC9-47D160591F11}"
EndProject
Project("{FAE04EC0-301F-11D3-BF4B-00C04F79EFBC}") = "Veriqa.Core.Configuration", "core\Veriqa.Core.Configuration\Veriqa.Core.Configuration.csproj", "{3D31656F-1C09-5AE3-9A86-DD24916185AA}"
EndProject
Project("{FAE04EC0-301F-11D3-BF4B-00C04F79EFBC}") = "Veriqa.Core.Contracts", "core\Veriqa.Core.Contracts\Veriqa.Core.Contracts.csproj", "{93828992-7122-504F-B982-4871EABEC162}"
EndProject
Project("{FAE04EC0-301F-11D3-BF4B-00C04F79EFBC}") = "Veriqa.Core.TransactionEngine", "core\Veriqa.Core.TransactionEngine\Veriqa.Core.TransactionEngine.csproj", "{AE2C40D4-66FF-55DE-8598-B5782947092B}"
EndProject
Project("{FAE04EC0-301F-11D3-BF4B-00C04F79EFBC}") = "Veriqa.Core.AuditTrail.Migrations.PostgreSql", "core\Veriqa.Core.AuditTrail.Migrations.PostgreSql\Veriqa.Core.AuditTrail.Migrations.PostgreSql.csproj", "{1DCE0B07-9B0A-507B-9577-EE8EBD0BCD39}"
EndProject
Project("{FAE04EC0-301F-11D3-BF4B-00C04F79EFBC}") = "Veriqa.Core.AuditTrail.Migrations.SqlServer", "core\Veriqa.Core.AuditTrail.Migrations.SqlServer\Veriqa.Core.AuditTrail.Migrations.SqlServer.csproj", "{5D534D00-F315-57E6-B200-D96B5621DCC8}"
EndProject
Project("{FAE04EC0-301F-11D3-BF4B-00C04F79EFBC}") = "Veriqa.Core.AuthServer.Host", "core\Veriqa.Core.AuthServer.Host\Veriqa.Core.AuthServer.Host.csproj", "{CAECF302-E3EA-5BEB-8AC6-94DAE3C64069}"
EndProject
Project("{2150E333-8FDC-42A3-9474-1A3956D46DE8}") = "hosts", "hosts", "{2F3EF1A3-B2B0-B28C-122D-FFB85167A4CE}"
EndProject
Project("{FAE04EC0-301F-11D3-BF4B-00C04F79EFBC}") = "Veriqa.ServiceDefaults", "hosts\Veriqa.ServiceDefaults\Veriqa.ServiceDefaults.csproj", "{2580875E-C2F3-5220-A368-7B54FDDF27D2}"
EndProject
Project("{FAE04EC0-301F-11D3-BF4B-00C04F79EFBC}") = "Veriqa.Core.AuthServer", "core\Veriqa.Core.AuthServer\Veriqa.Core.AuthServer.csproj", "{CCCC4D32-27BD-50E3-8643-7CBBCC4B69C8}"
EndProject
Project("{FAE04EC0-301F-11D3-BF4B-00C04F79EFBC}") = "Veriqa.Core.ChannelAdapter", "core\Veriqa.Core.ChannelAdapter\Veriqa.Core.ChannelAdapter.csproj", "{5D39FAED-6BC6-56FA-AE93-60A01641B383}"
EndProject
Project("{FAE04EC0-301F-11D3-BF4B-00C04F79EFBC}") = "Veriqa.Core.ChannelAdapter.Email", "core\Veriqa.Core.ChannelAdapter.Email\Veriqa.Core.ChannelAdapter.Email.csproj", "{196B1D59-287D-5DFB-983D-BD33266B1B65}"
EndProject
Project("{FAE04EC0-301F-11D3-BF4B-00C04F79EFBC}") = "Veriqa.Core.ChannelAdapter.Max", "core\Veriqa.Core.ChannelAdapter.Max\Veriqa.Core.ChannelAdapter.Max.csproj", "{BA53A53D-8C2B-5880-841F-52866D0BADFF}"
EndProject
Project("{FAE04EC0-301F-11D3-BF4B-00C04F79EFBC}") = "Veriqa.Core.ChannelAdapter.Telegram", "core\Veriqa.Core.ChannelAdapter.Telegram\Veriqa.Core.ChannelAdapter.Telegram.csproj", "{388A1295-ED6A-53C9-AFBA-63DDE4563C38}"
EndProject
Project("{FAE04EC0-301F-11D3-BF4B-00C04F79EFBC}") = "Veriqa.Core.ChannelAdapter.WhatsApp", "core\Veriqa.Core.ChannelAdapter.WhatsApp\Veriqa.Core.ChannelAdapter.WhatsApp.csproj", "{5FB0949A-ABAB-546E-83D6-2262C2B027F1}"
EndProject
Project("{FAE04EC0-301F-11D3-BF4B-00C04F79EFBC}") = "Veriqa.Core.TransactionEngine.EntityFrameworkCore", "core\Veriqa.Core.TransactionEngine.EntityFrameworkCore\Veriqa.Core.TransactionEngine.EntityFrameworkCore.csproj", "{8ED5AA24-37F3-5072-8D10-302399DA97C3}"
EndProject
Project("{FAE04EC0-301F-11D3-BF4B-00C04F79EFBC}") = "Veriqa.Core.TransactionEngine.Migrations.PostgreSql", "core\Veriqa.Core.TransactionEngine.Migrations.PostgreSql\Veriqa.Core.TransactionEngine.Migrations.PostgreSql.csproj", "{972C50C6-ACC3-5AB6-ADC8-FFDABD086E31}"
EndProject
Project("{FAE04EC0-301F-11D3-BF4B-00C04F79EFBC}") = "Veriqa.Core.AuthServer.Migrations.PostgreSql", "core\Veriqa.Core.AuthServer.Migrations.PostgreSql\Veriqa.Core.AuthServer.Migrations.PostgreSql.csproj", "{1A06F190-51FF-5050-BBE2-E033121038C8}"
EndProject
Project("{FAE04EC0-301F-11D3-BF4B-00C04F79EFBC}") = "Veriqa.Core.TransactionEngine.Migrations.SqlServer", "core\Veriqa.Core.TransactionEngine.Migrations.SqlServer\Veriqa.Core.TransactionEngine.Migrations.SqlServer.csproj", "{CA2B4052-423B-528C-B0C3-42A645BA93C9}"
EndProject
Project("{FAE04EC0-301F-11D3-BF4B-00C04F79EFBC}") = "Veriqa.Core.AuthServer.Migrations.SqlServer", "core\Veriqa.Core.AuthServer.Migrations.SqlServer\Veriqa.Core.AuthServer.Migrations.SqlServer.csproj", "{510E284D-7C24-5DCD-AE6A-0C8E0EF02FF1}"
EndProject
Project("{FAE04EC0-301F-11D3-BF4B-00C04F79EFBC}") = "Veriqa.Core.AuthServer.MaxMind", "core\Veriqa.Core.AuthServer.MaxMind\Veriqa.Core.AuthServer.MaxMind.csproj", "{94A96827-6078-5CCD-909E-E695B7FD1673}"
EndProject
Project("{FAE04EC0-301F-11D3-BF4B-00C04F79EFBC}") = "Veriqa.Core.BaseChannels", "core\Veriqa.Core.BaseChannels\Veriqa.Core.BaseChannels.csproj", "{3893E5B9-3D4C-56D7-82D4-3ACC6D54FB91}"
EndProject
Project("{FAE04EC0-301F-11D3-BF4B-00C04F79EFBC}") = "Veriqa.Core.ChannelAdapter.Redis", "core\Veriqa.Core.ChannelAdapter.Redis\Veriqa.Core.ChannelAdapter.Redis.csproj", "{A3BE1F09-E21B-58D4-B103-8A580757A39A}"
EndProject
Project("{FAE04EC0-301F-11D3-BF4B-00C04F79EFBC}") = "Veriqa.Core.TransactionEngine.RabbitMq", "core\Veriqa.Core.TransactionEngine.RabbitMq\Veriqa.Core.TransactionEngine.RabbitMq.csproj", "{EF09F290-3E6C-552C-9A2D-62BFFD8E1151}"
EndProject
Project("{FAE04EC0-301F-11D3-BF4B-00C04F79EFBC}") = "Veriqa.Core.TransactionEngine.Redis", "core\Veriqa.Core.TransactionEngine.Redis\Veriqa.Core.TransactionEngine.Redis.csproj", "{19457F06-3493-5A47-8078-3E05884E0B32}"
EndProject
Project("{2150E333-8FDC-42A3-9474-1A3956D46DE8}") = "samples", "samples", "{5D20AA90-6969-D8BD-9DCD-8634F4692FDA}"
EndProject
Project("{FAE04EC0-301F-11D3-BF4B-00C04F79EFBC}") = "Veriqa.Sample.DotNet.Aspire.Login.AppHost", "..\samples\dotnet\aspire\login\Veriqa.Sample.DotNet.Aspire.Login.AppHost.csproj", "{595941CE-0F32-5429-B022-AEDCA217D60D}"
EndProject
Project("{FAE04EC0-301F-11D3-BF4B-00C04F79EFBC}") = "Veriqa.Sample.DotNet.Aspire.Login.App", "..\samples\dotnet\aspire\login\app\Veriqa.Sample.DotNet.Aspire.Login.App.csproj", "{299DD26F-A14D-5F31-A392-28EB2A944A84}"
EndProject
Project("{FAE04EC0-301F-11D3-BF4B-00C04F79EFBC}") = "Veriqa.Sample.CustomChannel.Adapter", "..\samples\dotnet\custom-channel\adapter\Veriqa.Sample.CustomChannel.Adapter.csproj", "{F52141C2-9BBE-5FBE-AD8A-E94A30F363B2}"
EndProject
Project("{FAE04EC0-301F-11D3-BF4B-00C04F79EFBC}") = "Veriqa.Sample.CustomChannel.Host", "..\samples\dotnet\custom-channel\host\Veriqa.Sample.CustomChannel.Host.csproj", "{3720DD1E-99F9-51EE-8155-F10C8FCD6848}"
EndProject
Project("{FAE04EC0-301F-11D3-BF4B-00C04F79EFBC}") = "Veriqa.Sample.DotNet.Inproc.AgentApproval", "..\samples\dotnet\inproc\agent-approval\Veriqa.Sample.DotNet.Inproc.AgentApproval.csproj", "{83899E90-9F47-5565-A4BE-8670E00DFB1C}"
EndProject
Project("{FAE04EC0-301F-11D3-BF4B-00C04F79EFBC}") = "Veriqa.Sample.DotNet.Inproc.Confirmation", "..\samples\dotnet\inproc\confirmation\Veriqa.Sample.DotNet.Inproc.Confirmation.csproj", "{2BD7C837-7DAE-5AC3-947E-45E53475966C}"
EndProject
Project("{FAE04EC0-301F-11D3-BF4B-00C04F79EFBC}") = "Veriqa.Sample.DotNet.Inproc.LoginClient", "..\samples\dotnet\inproc\login-client\Veriqa.Sample.DotNet.Inproc.LoginClient.csproj", "{8CBBF7B8-2549-50FC-B9A1-25F792D3C7A9}"
EndProject
Project("{FAE04EC0-301F-11D3-BF4B-00C04F79EFBC}") = "Veriqa.Sample.DotNet.Inproc.Login", "..\samples\dotnet\inproc\login\Veriqa.Sample.DotNet.Inproc.Login.csproj", "{4CB81D9F-CE04-5D2F-AA98-834F453E9E46}"
EndProject
Project("{FAE04EC0-301F-11D3-BF4B-00C04F79EFBC}") = "Veriqa.Sample.DotNet.Inproc.StepUp", "..\samples\dotnet\inproc\step-up\Veriqa.Sample.DotNet.Inproc.StepUp.csproj", "{CC32E082-211C-5C1E-AD7F-C2C02C34424A}"
EndProject
Project("{FAE04EC0-301F-11D3-BF4B-00C04F79EFBC}") = "Veriqa.Sample.DotNet.Showcase.StreamingTv", "..\samples\dotnet\showcase\streaming-tv\Veriqa.Sample.DotNet.Showcase.StreamingTv.csproj", "{6247368D-1465-5017-8334-BB2EDD9B4BC4}"
EndProject
Project("{FAE04EC0-301F-11D3-BF4B-00C04F79EFBC}") = "Veriqa.Sample.DotNet.Showcase.SupportDesk", "..\samples\dotnet\showcase\support-desk\Veriqa.Sample.DotNet.Showcase.SupportDesk.csproj", "{C01A70C8-F87C-5583-A3F3-EC32C42C40EC}"
EndProject
Project("{FAE04EC0-301F-11D3-BF4B-00C04F79EFBC}") = "Veriqa.Sample.Quickstart.Rp", "..\samples\quickstart\rp\Veriqa.Sample.Quickstart.Rp.csproj", "{1C515BE3-94B1-5B56-89C6-9EDC70B66B77}"
EndProject
Global
	GlobalSection(SolutionConfigurationPlatforms) = preSolution
		Debug|Any CPU = Debug|Any CPU
		Debug|x64 = Debug|x64
		Debug|x86 = Debug|x86
		Release|Any CPU = Release|Any CPU
		Release|x64 = Release|x64
		Release|x86 = Release|x86
	EndGlobalSection
	GlobalSection(ProjectConfigurationPlatforms) = postSolution
		{7CB68CE5-396E-5616-9E93-829391CA38A6}.Debug|Any CPU.ActiveCfg = Debug|Any CPU
		{7CB68CE5-396E-5616-9E93-829391CA38A6}.Debug|Any CPU.Build.0 = Debug|Any CPU
		{7CB68CE5-396E-5616-9E93-829391CA38A6}.Debug|x64.ActiveCfg = Debug|Any CPU
		{7CB68CE5-396E-5616-9E93-829391CA38A6}.Debug|x64.Build.0 = Debug|Any CPU
		{7CB68CE5-396E-5616-9E93-829391CA38A6}.Debug|x86.ActiveCfg = Debug|Any CPU
		{7CB68CE5-396E-5616-9E93-829391CA38A6}.Debug|x86.Build.0 = Debug|Any CPU
		{7CB68CE5-396E-5616-9E93-829391CA38A6}.Release|Any CPU.ActiveCfg = Release|Any CPU
		{7CB68CE5-396E-5616-9E93-829391CA38A6}.Release|Any CPU.Build.0 = Release|Any CPU
		{7CB68CE5-396E-5616-9E93-829391CA38A6}.Release|x64.ActiveCfg = Release|Any CPU
		{7CB68CE5-396E-5616-9E93-829391CA38A6}.Release|x64.Build.0 = Release|Any CPU
		{7CB68CE5-396E-5616-9E93-829391CA38A6}.Release|x86.ActiveCfg = Release|Any CPU
		{7CB68CE5-396E-5616-9E93-829391CA38A6}.Release|x86.Build.0 = Release|Any CPU
		{52B84420-B701-5D18-8EC9-47D160591F11}.Debug|Any CPU.ActiveCfg = Debug|Any CPU
		{52B84420-B701-5D18-8EC9-47D160591F11}.Debug|Any CPU.Build.0 = Debug|Any CPU
		{52B84420-B701-5D18-8EC9-47D160591F11}.Debug|x64.ActiveCfg = Debug|Any CPU
		{52B84420-B701-5D18-8EC9-47D160591F11}.Debug|x64.Build.0 = Debug|Any CPU
		{52B84420-B701-5D18-8EC9-47D160591F11}.Debug|x86.ActiveCfg = Debug|Any CPU
		{52B84420-B701-5D18-8EC9-47D160591F11}.Debug|x86.Build.0 = Debug|Any CPU
		{52B84420-B701-5D18-8EC9-47D160591F11}.Release|Any CPU.ActiveCfg = Release|Any CPU
		{52B84420-B701-5D18-8EC9-47D160591F11}.Release|Any CPU.Build.0 = Release|Any CPU
		{52B84420-B701-5D18-8EC9-47D160591F11}.Release|x64.ActiveCfg = Release|Any CPU
		{52B84420-B701-5D18-8EC9-47D160591F11}.Release|x64.Build.0 = Release|Any CPU
		{52B84420-B701-5D18-8EC9-47D160591F11}.Release|x86.ActiveCfg = Release|Any CPU
		{52B84420-B701-5D18-8EC9-47D160591F11}.Release|x86.Build.0 = Release|Any CPU
		{3D31656F-1C09-5AE3-9A86-DD24916185AA}.Debug|Any CPU.ActiveCfg = Debug|Any CPU
		{3D31656F-1C09-5AE3-9A86-DD24916185AA}.Debug|Any CPU.Build.0 = Debug|Any CPU
		{3D31656F-1C09-5AE3-9A86-DD24916185AA}.Debug|x64.ActiveCfg = Debug|Any CPU
		{3D31656F-1C09-5AE3-9A86-DD24916185AA}.Debug|x64.Build.0 = Debug|Any CPU
		{3D31656F-1C09-5AE3-9A86-DD24916185AA}.Debug|x86.ActiveCfg = Debug|Any CPU
		{3D31656F-1C09-5AE3-9A86-DD24916185AA}.Debug|x86.Build.0 = Debug|Any CPU
		{3D31656F-1C09-5AE3-9A86-DD24916185AA}.Release|Any CPU.ActiveCfg = Release|Any CPU
		{3D31656F-1C09-5AE3-9A86-DD24916185AA}.Release|Any CPU.Build.0 = Release|Any CPU
		{3D31656F-1C09-5AE3-9A86-DD24916185AA}.Release|x64.ActiveCfg = Release|Any CPU
		{3D31656F-1C09-5AE3-9A86-DD24916185AA}.Release|x64.Build.0 = Release|Any CPU
		{3D31656F-1C09-5AE3-9A86-DD24916185AA}.Release|x86.ActiveCfg = Release|Any CPU
		{3D31656F-1C09-5AE3-9A86-DD24916185AA}.Release|x86.Build.0 = Release|Any CPU
		{93828992-7122-504F-B982-4871EABEC162}.Debug|Any CPU.ActiveCfg = Debug|Any CPU
		{93828992-7122-504F-B982-4871EABEC162}.Debug|Any CPU.Build.0 = Debug|Any CPU
		{93828992-7122-504F-B982-4871EABEC162}.Debug|x64.ActiveCfg = Debug|Any CPU
		{93828992-7122-504F-B982-4871EABEC162}.Debug|x64.Build.0 = Debug|Any CPU
		{93828992-7122-504F-B982-4871EABEC162}.Debug|x86.ActiveCfg = Debug|Any CPU
		{93828992-7122-504F-B982-4871EABEC162}.Debug|x86.Build.0 = Debug|Any CPU
		{93828992-7122-504F-B982-4871EABEC162}.Release|Any CPU.ActiveCfg = Release|Any CPU
		{93828992-7122-504F-B982-4871EABEC162}.Release|Any CPU.Build.0 = Release|Any CPU
		{93828992-7122-504F-B982-4871EABEC162}.Release|x64.ActiveCfg = Release|Any CPU
		{93828992-7122-504F-B982-4871EABEC162}.Release|x64.Build.0 = Release|Any CPU
		{93828992-7122-504F-B982-4871EABEC162}.Release|x86.ActiveCfg = Release|Any CPU
		{93828992-7122-504F-B982-4871EABEC162}.Release|x86.Build.0 = Release|Any CPU
		{AE2C40D4-66FF-55DE-8598-B5782947092B}.Debug|Any CPU.ActiveCfg = Debug|Any CPU
		{AE2C40D4-66FF-55DE-8598-B5782947092B}.Debug|Any CPU.Build.0 = Debug|Any CPU
		{AE2C40D4-66FF-55DE-8598-B5782947092B}.Debug|x64.ActiveCfg = Debug|Any CPU
		{AE2C40D4-66FF-55DE-8598-B5782947092B}.Debug|x64.Build.0 = Debug|Any CPU
		{AE2C40D4-66FF-55DE-8598-B5782947092B}.Debug|x86.ActiveCfg = Debug|Any CPU
		{AE2C40D4-66FF-55DE-8598-B5782947092B}.Debug|x86.Build.0 = Debug|Any CPU
		{AE2C40D4-66FF-55DE-8598-B5782947092B}.Release|Any CPU.ActiveCfg = Release|Any CPU
		{AE2C40D4-66FF-55DE-8598-B5782947092B}.Release|Any CPU.Build.0 = Release|Any CPU
		{AE2C40D4-66FF-55DE-8598-B5782947092B}.Release|x64.ActiveCfg = Release|Any CPU
		{AE2C40D4-66FF-55DE-8598-B5782947092B}.Release|x64.Build.0 = Release|Any CPU
		{AE2C40D4-66FF-55DE-8598-B5782947092B}.Release|x86.ActiveCfg = Release|Any CPU
		{AE2C40D4-66FF-55DE-8598-B5782947092B}.Release|x86.Build.0 = Release|Any CPU
		{1DCE0B07-9B0A-507B-9577-EE8EBD0BCD39}.Debug|Any CPU.ActiveCfg = Debug|Any CPU
		{1DCE0B07-9B0A-507B-9577-EE8EBD0BCD39}.Debug|Any CPU.Build.0 = Debug|Any CPU
		{1DCE0B07-9B0A-507B-9577-EE8EBD0BCD39}.Debug|x64.ActiveCfg = Debug|Any CPU
		{1DCE0B07-9B0A-507B-9577-EE8EBD0BCD39}.Debug|x64.Build.0 = Debug|Any CPU
		{1DCE0B07-9B0A-507B-9577-EE8EBD0BCD39}.Debug|x86.ActiveCfg = Debug|Any CPU
		{1DCE0B07-9B0A-507B-9577-EE8EBD0BCD39}.Debug|x86.Build.0 = Debug|Any CPU
		{1DCE0B07-9B0A-507B-9577-EE8EBD0BCD39}.Release|Any CPU.ActiveCfg = Release|Any CPU
		{1DCE0B07-9B0A-507B-9577-EE8EBD0BCD39}.Release|Any CPU.Build.0 = Release|Any CPU
		{1DCE0B07-9B0A-507B-9577-EE8EBD0BCD39}.Release|x64.ActiveCfg = Release|Any CPU
		{1DCE0B07-9B0A-507B-9577-EE8EBD0BCD39}.Release|x64.Build.0 = Release|Any CPU
		{1DCE0B07-9B0A-507B-9577-EE8EBD0BCD39}.Release|x86.ActiveCfg = Release|Any CPU
		{1DCE0B07-9B0A-507B-9577-EE8EBD0BCD39}.Release|x86.Build.0 = Release|Any CPU
		{5D534D00-F315-57E6-B200-D96B5621DCC8}.Debug|Any CPU.ActiveCfg = Debug|Any CPU
		{5D534D00-F315-57E6-B200-D96B5621DCC8}.Debug|Any CPU.Build.0 = Debug|Any CPU
		{5D534D00-F315-57E6-B200-D96B5621DCC8}.Debug|x64.ActiveCfg = Debug|Any CPU
		{5D534D00-F315-57E6-B200-D96B5621DCC8}.Debug|x64.Build.0 = Debug|Any CPU
		{5D534D00-F315-57E6-B200-D96B5621DCC8}.Debug|x86.ActiveCfg = Debug|Any CPU
		{5D534D00-F315-57E6-B200-D96B5621DCC8}.Debug|x86.Build.0 = Debug|Any CPU
		{5D534D00-F315-57E6-B200-D96B5621DCC8}.Release|Any CPU.ActiveCfg = Release|Any CPU
		{5D534D00-F315-57E6-B200-D96B5621DCC8}.Release|Any CPU.Build.0 = Release|Any CPU
		{5D534D00-F315-57E6-B200-D96B5621DCC8}.Release|x64.ActiveCfg = Release|Any CPU
		{5D534D00-F315-57E6-B200-D96B5621DCC8}.Release|x64.Build.0 = Release|Any CPU
		{5D534D00-F315-57E6-B200-D96B5621DCC8}.Release|x86.ActiveCfg = Release|Any CPU
		{5D534D00-F315-57E6-B200-D96B5621DCC8}.Release|x86.Build.0 = Release|Any CPU
		{CAECF302-E3EA-5BEB-8AC6-94DAE3C64069}.Debug|Any CPU.ActiveCfg = Debug|Any CPU
		{CAECF302-E3EA-5BEB-8AC6-94DAE3C64069}.Debug|Any CPU.Build.0 = Debug|Any CPU
		{CAECF302-E3EA-5BEB-8AC6-94DAE3C64069}.Debug|x64.ActiveCfg = Debug|Any CPU
		{CAECF302-E3EA-5BEB-8AC6-94DAE3C64069}.Debug|x64.Build.0 = Debug|Any CPU
		{CAECF302-E3EA-5BEB-8AC6-94DAE3C64069}.Debug|x86.ActiveCfg = Debug|Any CPU
		{CAECF302-E3EA-5BEB-8AC6-94DAE3C64069}.Debug|x86.Build.0 = Debug|Any CPU
		{CAECF302-E3EA-5BEB-8AC6-94DAE3C64069}.Release|Any CPU.ActiveCfg = Release|Any CPU
		{CAECF302-E3EA-5BEB-8AC6-94DAE3C64069}.Release|Any CPU.Build.0 = Release|Any CPU
		{CAECF302-E3EA-5BEB-8AC6-94DAE3C64069}.Release|x64.ActiveCfg = Release|Any CPU
		{CAECF302-E3EA-5BEB-8AC6-94DAE3C64069}.Release|x64.Build.0 = Release|Any CPU
		{CAECF302-E3EA-5BEB-8AC6-94DAE3C64069}.Release|x86.ActiveCfg = Release|Any CPU
		{CAECF302-E3EA-5BEB-8AC6-94DAE3C64069}.Release|x86.Build.0 = Release|Any CPU
		{2580875E-C2F3-5220-A368-7B54FDDF27D2}.Debug|Any CPU.ActiveCfg = Debug|Any CPU
		{2580875E-C2F3-5220-A368-7B54FDDF27D2}.Debug|Any CPU.Build.0 = Debug|Any CPU
		{2580875E-C2F3-5220-A368-7B54FDDF27D2}.Debug|x64.ActiveCfg = Debug|Any CPU
		{2580875E-C2F3-5220-A368-7B54FDDF27D2}.Debug|x64.Build.0 = Debug|Any CPU
		{2580875E-C2F3-5220-A368-7B54FDDF27D2}.Debug|x86.ActiveCfg = Debug|Any CPU
		{2580875E-C2F3-5220-A368-7B54FDDF27D2}.Debug|x86.Build.0 = Debug|Any CPU
		{2580875E-C2F3-5220-A368-7B54FDDF27D2}.Release|Any CPU.ActiveCfg = Release|Any CPU
		{2580875E-C2F3-5220-A368-7B54FDDF27D2}.Release|Any CPU.Build.0 = Release|Any CPU
		{2580875E-C2F3-5220-A368-7B54FDDF27D2}.Release|x64.ActiveCfg = Release|Any CPU
		{2580875E-C2F3-5220-A368-7B54FDDF27D2}.Release|x64.Build.0 = Release|Any CPU
		{2580875E-C2F3-5220-A368-7B54FDDF27D2}.Release|x86.ActiveCfg = Release|Any CPU
		{2580875E-C2F3-5220-A368-7B54FDDF27D2}.Release|x86.Build.0 = Release|Any CPU
		{CCCC4D32-27BD-50E3-8643-7CBBCC4B69C8}.Debug|Any CPU.ActiveCfg = Debug|Any CPU
		{CCCC4D32-27BD-50E3-8643-7CBBCC4B69C8}.Debug|Any CPU.Build.0 = Debug|Any CPU
		{CCCC4D32-27BD-50E3-8643-7CBBCC4B69C8}.Debug|x64.ActiveCfg = Debug|Any CPU
		{CCCC4D32-27BD-50E3-8643-7CBBCC4B69C8}.Debug|x64.Build.0 = Debug|Any CPU
		{CCCC4D32-27BD-50E3-8643-7CBBCC4B69C8}.Debug|x86.ActiveCfg = Debug|Any CPU
		{CCCC4D32-27BD-50E3-8643-7CBBCC4B69C8}.Debug|x86.Build.0 = Debug|Any CPU
		{CCCC4D32-27BD-50E3-8643-7CBBCC4B69C8}.Release|Any CPU.ActiveCfg = Release|Any CPU
		{CCCC4D32-27BD-50E3-8643-7CBBCC4B69C8}.Release|Any CPU.Build.0 = Release|Any CPU
		{CCCC4D32-27BD-50E3-8643-7CBBCC4B69C8}.Release|x64.ActiveCfg = Release|Any CPU
		{CCCC4D32-27BD-50E3-8643-7CBBCC4B69C8}.Release|x64.Build.0 = Release|Any CPU
		{CCCC4D32-27BD-50E3-8643-7CBBCC4B69C8}.Release|x86.ActiveCfg = Release|Any CPU
		{CCCC4D32-27BD-50E3-8643-7CBBCC4B69C8}.Release|x86.Build.0 = Release|Any CPU
		{5D39FAED-6BC6-56FA-AE93-60A01641B383}.Debug|Any CPU.ActiveCfg = Debug|Any CPU
		{5D39FAED-6BC6-56FA-AE93-60A01641B383}.Debug|Any CPU.Build.0 = Debug|Any CPU
		{5D39FAED-6BC6-56FA-AE93-60A01641B383}.Debug|x64.ActiveCfg = Debug|Any CPU
		{5D39FAED-6BC6-56FA-AE93-60A01641B383}.Debug|x64.Build.0 = Debug|Any CPU
		{5D39FAED-6BC6-56FA-AE93-60A01641B383}.Debug|x86.ActiveCfg = Debug|Any CPU
		{5D39FAED-6BC6-56FA-AE93-60A01641B383}.Debug|x86.Build.0 = Debug|Any CPU
		{5D39FAED-6BC6-56FA-AE93-60A01641B383}.Release|Any CPU.ActiveCfg = Release|Any CPU
		{5D39FAED-6BC6-56FA-AE93-60A01641B383}.Release|Any CPU.Build.0 = Release|Any CPU
		{5D39FAED-6BC6-56FA-AE93-60A01641B383}.Release|x64.ActiveCfg = Release|Any CPU
		{5D39FAED-6BC6-56FA-AE93-60A01641B383}.Release|x64.Build.0 = Release|Any CPU
		{5D39FAED-6BC6-56FA-AE93-60A01641B383}.Release|x86.ActiveCfg = Release|Any CPU
		{5D39FAED-6BC6-56FA-AE93-60A01641B383}.Release|x86.Build.0 = Release|Any CPU
		{196B1D59-287D-5DFB-983D-BD33266B1B65}.Debug|Any CPU.ActiveCfg = Debug|Any CPU
		{196B1D59-287D-5DFB-983D-BD33266B1B65}.Debug|Any CPU.Build.0 = Debug|Any CPU
		{196B1D59-287D-5DFB-983D-BD33266B1B65}.Debug|x64.ActiveCfg = Debug|Any CPU
		{196B1D59-287D-5DFB-983D-BD33266B1B65}.Debug|x64.Build.0 = Debug|Any CPU
		{196B1D59-287D-5DFB-983D-BD33266B1B65}.Debug|x86.ActiveCfg = Debug|Any CPU
		{196B1D59-287D-5DFB-983D-BD33266B1B65}.Debug|x86.Build.0 = Debug|Any CPU
		{196B1D59-287D-5DFB-983D-BD33266B1B65}.Release|Any CPU.ActiveCfg = Release|Any CPU
		{196B1D59-287D-5DFB-983D-BD33266B1B65}.Release|Any CPU.Build.0 = Release|Any CPU
		{196B1D59-287D-5DFB-983D-BD33266B1B65}.Release|x64.ActiveCfg = Release|Any CPU
		{196B1D59-287D-5DFB-983D-BD33266B1B65}.Release|x64.Build.0 = Release|Any CPU
		{196B1D59-287D-5DFB-983D-BD33266B1B65}.Release|x86.ActiveCfg = Release|Any CPU
		{196B1D59-287D-5DFB-983D-BD33266B1B65}.Release|x86.Build.0 = Release|Any CPU
		{BA53A53D-8C2B-5880-841F-52866D0BADFF}.Debug|Any CPU.ActiveCfg = Debug|Any CPU
		{BA53A53D-8C2B-5880-841F-52866D0BADFF}.Debug|Any CPU.Build.0 = Debug|Any CPU
		{BA53A53D-8C2B-5880-841F-52866D0BADFF}.Debug|x64.ActiveCfg = Debug|Any CPU
		{BA53A53D-8C2B-5880-841F-52866D0BADFF}.Debug|x64.Build.0 = Debug|Any CPU
		{BA53A53D-8C2B-5880-841F-52866D0BADFF}.Debug|x86.ActiveCfg = Debug|Any CPU
		{BA53A53D-8C2B-5880-841F-52866D0BADFF}.Debug|x86.Build.0 = Debug|Any CPU
		{BA53A53D-8C2B-5880-841F-52866D0BADFF}.Release|Any CPU.ActiveCfg = Release|Any CPU
		{BA53A53D-8C2B-5880-841F-52866D0BADFF}.Release|Any CPU.Build.0 = Release|Any CPU
		{BA53A53D-8C2B-5880-841F-52866D0BADFF}.Release|x64.ActiveCfg = Release|Any CPU
		{BA53A53D-8C2B-5880-841F-52866D0BADFF}.Release|x64.Build.0 = Release|Any CPU
		{BA53A53D-8C2B-5880-841F-52866D0BADFF}.Release|x86.ActiveCfg = Release|Any CPU
		{BA53A53D-8C2B-5880-841F-52866D0BADFF}.Release|x86.Build.0 = Release|Any CPU
		{388A1295-ED6A-53C9-AFBA-63DDE4563C38}.Debug|Any CPU.ActiveCfg = Debug|Any CPU
		{388A1295-ED6A-53C9-AFBA-63DDE4563C38}.Debug|Any CPU.Build.0 = Debug|Any CPU
		{388A1295-ED6A-53C9-AFBA-63DDE4563C38}.Debug|x64.ActiveCfg = Debug|Any CPU
		{388A1295-ED6A-53C9-AFBA-63DDE4563C38}.Debug|x64.Build.0 = Debug|Any CPU
		{388A1295-ED6A-53C9-AFBA-63DDE4563C38}.Debug|x86.ActiveCfg = Debug|Any CPU
		{388A1295-ED6A-53C9-AFBA-63DDE4563C38}.Debug|x86.Build.0 = Debug|Any CPU
		{388A1295-ED6A-53C9-AFBA-63DDE4563C38}.Release|Any CPU.ActiveCfg = Release|Any CPU
		{388A1295-ED6A-53C9-AFBA-63DDE4563C38}.Release|Any CPU.Build.0 = Release|Any CPU
		{388A1295-ED6A-53C9-AFBA-63DDE4563C38}.Release|x64.ActiveCfg = Release|Any CPU
		{388A1295-ED6A-53C9-AFBA-63DDE4563C38}.Release|x64.Build.0 = Release|Any CPU
		{388A1295-ED6A-53C9-AFBA-63DDE4563C38}.Release|x86.ActiveCfg = Release|Any CPU
		{388A1295-ED6A-53C9-AFBA-63DDE4563C38}.Release|x86.Build.0 = Release|Any CPU
		{5FB0949A-ABAB-546E-83D6-2262C2B027F1}.Debug|Any CPU.ActiveCfg = Debug|Any CPU
		{5FB0949A-ABAB-546E-83D6-2262C2B027F1}.Debug|Any CPU.Build.0 = Debug|Any CPU
		{5FB0949A-ABAB-546E-83D6-2262C2B027F1}.Debug|x64.ActiveCfg = Debug|Any CPU
		{5FB0949A-ABAB-546E-83D6-2262C2B027F1}.Debug|x64.Build.0 = Debug|Any CPU
		{5FB0949A-ABAB-546E-83D6-2262C2B027F1}.Debug|x86.ActiveCfg = Debug|Any CPU
		{5FB0949A-ABAB-546E-83D6-2262C2B027F1}.Debug|x86.Build.0 = Debug|Any CPU
		{5FB0949A-ABAB-546E-83D6-2262C2B027F1}.Release|Any CPU.ActiveCfg = Release|Any CPU
		{5FB0949A-ABAB-546E-83D6-2262C2B027F1}.Release|Any CPU.Build.0 = Release|Any CPU
		{5FB0949A-ABAB-546E-83D6-2262C2B027F1}.Release|x64.ActiveCfg = Release|Any CPU
		{5FB0949A-ABAB-546E-83D6-2262C2B027F1}.Release|x64.Build.0 = Release|Any CPU
		{5FB0949A-ABAB-546E-83D6-2262C2B027F1}.Release|x86.ActiveCfg = Release|Any CPU
		{5FB0949A-ABAB-546E-83D6-2262C2B027F1}.Release|x86.Build.0 = Release|Any CPU
		{8ED5AA24-37F3-5072-8D10-302399DA97C3}.Debug|Any CPU.ActiveCfg = Debug|Any CPU
		{8ED5AA24-37F3-5072-8D10-302399DA97C3}.Debug|Any CPU.Build.0 = Debug|Any CPU
		{8ED5AA24-37F3-5072-8D10-302399DA97C3}.Debug|x64.ActiveCfg = Debug|Any CPU
		{8ED5AA24-37F3-5072-8D10-302399DA97C3}.Debug|x64.Build.0 = Debug|Any CPU
		{8ED5AA24-37F3-5072-8D10-302399DA97C3}.Debug|x86.ActiveCfg = Debug|Any CPU
		{8ED5AA24-37F3-5072-8D10-302399DA97C3}.Debug|x86.Build.0 = Debug|Any CPU
		{8ED5AA24-37F3-5072-8D10-302399DA97C3}.Release|Any CPU.ActiveCfg = Release|Any CPU
		{8ED5AA24-37F3-5072-8D10-302399DA97C3}.Release|Any CPU.Build.0 = Release|Any CPU
		{8ED5AA24-37F3-5072-8D10-302399DA97C3}.Release|x64.ActiveCfg = Release|Any CPU
		{8ED5AA24-37F3-5072-8D10-302399DA97C3}.Release|x64.Build.0 = Release|Any CPU
		{8ED5AA24-37F3-5072-8D10-302399DA97C3}.Release|x86.ActiveCfg = Release|Any CPU
		{8ED5AA24-37F3-5072-8D10-302399DA97C3}.Release|x86.Build.0 = Release|Any CPU
		{972C50C6-ACC3-5AB6-ADC8-FFDABD086E31}.Debug|Any CPU.ActiveCfg = Debug|Any CPU
		{972C50C6-ACC3-5AB6-ADC8-FFDABD086E31}.Debug|Any CPU.Build.0 = Debug|Any CPU
		{972C50C6-ACC3-5AB6-ADC8-FFDABD086E31}.Debug|x64.ActiveCfg = Debug|Any CPU
		{972C50C6-ACC3-5AB6-ADC8-FFDABD086E31}.Debug|x64.Build.0 = Debug|Any CPU
		{972C50C6-ACC3-5AB6-ADC8-FFDABD086E31}.Debug|x86.ActiveCfg = Debug|Any CPU
		{972C50C6-ACC3-5AB6-ADC8-FFDABD086E31}.Debug|x86.Build.0 = Debug|Any CPU
		{972C50C6-ACC3-5AB6-ADC8-FFDABD086E31}.Release|Any CPU.ActiveCfg = Release|Any CPU
		{972C50C6-ACC3-5AB6-ADC8-FFDABD086E31}.Release|Any CPU.Build.0 = Release|Any CPU
		{972C50C6-ACC3-5AB6-ADC8-FFDABD086E31}.Release|x64.ActiveCfg = Release|Any CPU
		{972C50C6-ACC3-5AB6-ADC8-FFDABD086E31}.Release|x64.Build.0 = Release|Any CPU
		{972C50C6-ACC3-5AB6-ADC8-FFDABD086E31}.Release|x86.ActiveCfg = Release|Any CPU
		{972C50C6-ACC3-5AB6-ADC8-FFDABD086E31}.Release|x86.Build.0 = Release|Any CPU
		{1A06F190-51FF-5050-BBE2-E033121038C8}.Debug|Any CPU.ActiveCfg = Debug|Any CPU
		{1A06F190-51FF-5050-BBE2-E033121038C8}.Debug|Any CPU.Build.0 = Debug|Any CPU
		{1A06F190-51FF-5050-BBE2-E033121038C8}.Debug|x64.ActiveCfg = Debug|Any CPU
		{1A06F190-51FF-5050-BBE2-E033121038C8}.Debug|x64.Build.0 = Debug|Any CPU
		{1A06F190-51FF-5050-BBE2-E033121038C8}.Debug|x86.ActiveCfg = Debug|Any CPU
		{1A06F190-51FF-5050-BBE2-E033121038C8}.Debug|x86.Build.0 = Debug|Any CPU
		{1A06F190-51FF-5050-BBE2-E033121038C8}.Release|Any CPU.ActiveCfg = Release|Any CPU
		{1A06F190-51FF-5050-BBE2-E033121038C8}.Release|Any CPU.Build.0 = Release|Any CPU
		{1A06F190-51FF-5050-BBE2-E033121038C8}.Release|x64.ActiveCfg = Release|Any CPU
		{1A06F190-51FF-5050-BBE2-E033121038C8}.Release|x64.Build.0 = Release|Any CPU
		{1A06F190-51FF-5050-BBE2-E033121038C8}.Release|x86.ActiveCfg = Release|Any CPU
		{1A06F190-51FF-5050-BBE2-E033121038C8}.Release|x86.Build.0 = Release|Any CPU
		{CA2B4052-423B-528C-B0C3-42A645BA93C9}.Debug|Any CPU.ActiveCfg = Debug|Any CPU
		{CA2B4052-423B-528C-B0C3-42A645BA93C9}.Debug|Any CPU.Build.0 = Debug|Any CPU
		{CA2B4052-423B-528C-B0C3-42A645BA93C9}.Debug|x64.ActiveCfg = Debug|Any CPU
		{CA2B4052-423B-528C-B0C3-42A645BA93C9}.Debug|x64.Build.0 = Debug|Any CPU
		{CA2B4052-423B-528C-B0C3-42A645BA93C9}.Debug|x86.ActiveCfg = Debug|Any CPU
		{CA2B4052-423B-528C-B0C3-42A645BA93C9}.Debug|x86.Build.0 = Debug|Any CPU
		{CA2B4052-423B-528C-B0C3-42A645BA93C9}.Release|Any CPU.ActiveCfg = Release|Any CPU
		{CA2B4052-423B-528C-B0C3-42A645BA93C9}.Release|Any CPU.Build.0 = Release|Any CPU
		{CA2B4052-423B-528C-B0C3-42A645BA93C9}.Release|x64.ActiveCfg = Release|Any CPU
		{CA2B4052-423B-528C-B0C3-42A645BA93C9}.Release|x64.Build.0 = Release|Any CPU
		{CA2B4052-423B-528C-B0C3-42A645BA93C9}.Release|x86.ActiveCfg = Release|Any CPU
		{CA2B4052-423B-528C-B0C3-42A645BA93C9}.Release|x86.Build.0 = Release|Any CPU
		{510E284D-7C24-5DCD-AE6A-0C8E0EF02FF1}.Debug|Any CPU.ActiveCfg = Debug|Any CPU
		{510E284D-7C24-5DCD-AE6A-0C8E0EF02FF1}.Debug|Any CPU.Build.0 = Debug|Any CPU
		{510E284D-7C24-5DCD-AE6A-0C8E0EF02FF1}.Debug|x64.ActiveCfg = Debug|Any CPU
		{510E284D-7C24-5DCD-AE6A-0C8E0EF02FF1}.Debug|x64.Build.0 = Debug|Any CPU
		{510E284D-7C24-5DCD-AE6A-0C8E0EF02FF1}.Debug|x86.ActiveCfg = Debug|Any CPU
		{510E284D-7C24-5DCD-AE6A-0C8E0EF02FF1}.Debug|x86.Build.0 = Debug|Any CPU
		{510E284D-7C24-5DCD-AE6A-0C8E0EF02FF1}.Release|Any CPU.ActiveCfg = Release|Any CPU
		{510E284D-7C24-5DCD-AE6A-0C8E0EF02FF1}.Release|Any CPU.Build.0 = Release|Any CPU
		{510E284D-7C24-5DCD-AE6A-0C8E0EF02FF1}.Release|x64.ActiveCfg = Release|Any CPU
		{510E284D-7C24-5DCD-AE6A-0C8E0EF02FF1}.Release|x64.Build.0 = Release|Any CPU
		{510E284D-7C24-5DCD-AE6A-0C8E0EF02FF1}.Release|x86.ActiveCfg = Release|Any CPU
		{510E284D-7C24-5DCD-AE6A-0C8E0EF02FF1}.Release|x86.Build.0 = Release|Any CPU
		{94A96827-6078-5CCD-909E-E695B7FD1673}.Debug|Any CPU.ActiveCfg = Debug|Any CPU
		{94A96827-6078-5CCD-909E-E695B7FD1673}.Debug|Any CPU.Build.0 = Debug|Any CPU
		{94A96827-6078-5CCD-909E-E695B7FD1673}.Debug|x64.ActiveCfg = Debug|Any CPU
		{94A96827-6078-5CCD-909E-E695B7FD1673}.Debug|x64.Build.0 = Debug|Any CPU
		{94A96827-6078-5CCD-909E-E695B7FD1673}.Debug|x86.ActiveCfg = Debug|Any CPU
		{94A96827-6078-5CCD-909E-E695B7FD1673}.Debug|x86.Build.0 = Debug|Any CPU
		{94A96827-6078-5CCD-909E-E695B7FD1673}.Release|Any CPU.ActiveCfg = Release|Any CPU
		{94A96827-6078-5CCD-909E-E695B7FD1673}.Release|Any CPU.Build.0 = Release|Any CPU
		{94A96827-6078-5CCD-909E-E695B7FD1673}.Release|x64.ActiveCfg = Release|Any CPU
		{94A96827-6078-5CCD-909E-E695B7FD1673}.Release|x64.Build.0 = Release|Any CPU
		{94A96827-6078-5CCD-909E-E695B7FD1673}.Release|x86.ActiveCfg = Release|Any CPU
		{94A96827-6078-5CCD-909E-E695B7FD1673}.Release|x86.Build.0 = Release|Any CPU
		{3893E5B9-3D4C-56D7-82D4-3ACC6D54FB91}.Debug|Any CPU.ActiveCfg = Debug|Any CPU
		{3893E5B9-3D4C-56D7-82D4-3ACC6D54FB91}.Debug|Any CPU.Build.0 = Debug|Any CPU
		{3893E5B9-3D4C-56D7-82D4-3ACC6D54FB91}.Debug|x64.ActiveCfg = Debug|Any CPU
		{3893E5B9-3D4C-56D7-82D4-3ACC6D54FB91}.Debug|x64.Build.0 = Debug|Any CPU
		{3893E5B9-3D4C-56D7-82D4-3ACC6D54FB91}.Debug|x86.ActiveCfg = Debug|Any CPU
		{3893E5B9-3D4C-56D7-82D4-3ACC6D54FB91}.Debug|x86.Build.0 = Debug|Any CPU
		{3893E5B9-3D4C-56D7-82D4-3ACC6D54FB91}.Release|Any CPU.ActiveCfg = Release|Any CPU
		{3893E5B9-3D4C-56D7-82D4-3ACC6D54FB91}.Release|Any CPU.Build.0 = Release|Any CPU
		{3893E5B9-3D4C-56D7-82D4-3ACC6D54FB91}.Release|x64.ActiveCfg = Release|Any CPU
		{3893E5B9-3D4C-56D7-82D4-3ACC6D54FB91}.Release|x64.Build.0 = Release|Any CPU
		{3893E5B9-3D4C-56D7-82D4-3ACC6D54FB91}.Release|x86.ActiveCfg = Release|Any CPU
		{3893E5B9-3D4C-56D7-82D4-3ACC6D54FB91}.Release|x86.Build.0 = Release|Any CPU
		{A3BE1F09-E21B-58D4-B103-8A580757A39A}.Debug|Any CPU.ActiveCfg = Debug|Any CPU
		{A3BE1F09-E21B-58D4-B103-8A580757A39A}.Debug|Any CPU.Build.0 = Debug|Any CPU
		{A3BE1F09-E21B-58D4-B103-8A580757A39A}.Debug|x64.ActiveCfg = Debug|Any CPU
		{A3BE1F09-E21B-58D4-B103-8A580757A39A}.Debug|x64.Build.0 = Debug|Any CPU
		{A3BE1F09-E21B-58D4-B103-8A580757A39A}.Debug|x86.ActiveCfg = Debug|Any CPU
		{A3BE1F09-E21B-58D4-B103-8A580757A39A}.Debug|x86.Build.0 = Debug|Any CPU
		{A3BE1F09-E21B-58D4-B103-8A580757A39A}.Release|Any CPU.ActiveCfg = Release|Any CPU
		{A3BE1F09-E21B-58D4-B103-8A580757A39A}.Release|Any CPU.Build.0 = Release|Any CPU
		{A3BE1F09-E21B-58D4-B103-8A580757A39A}.Release|x64.ActiveCfg = Release|Any CPU
		{A3BE1F09-E21B-58D4-B103-8A580757A39A}.Release|x64.Build.0 = Release|Any CPU
		{A3BE1F09-E21B-58D4-B103-8A580757A39A}.Release|x86.ActiveCfg = Release|Any CPU
		{A3BE1F09-E21B-58D4-B103-8A580757A39A}.Release|x86.Build.0 = Release|Any CPU
		{EF09F290-3E6C-552C-9A2D-62BFFD8E1151}.Debug|Any CPU.ActiveCfg = Debug|Any CPU
		{EF09F290-3E6C-552C-9A2D-62BFFD8E1151}.Debug|Any CPU.Build.0 = Debug|Any CPU
		{EF09F290-3E6C-552C-9A2D-62BFFD8E1151}.Debug|x64.ActiveCfg = Debug|Any CPU
		{EF09F290-3E6C-552C-9A2D-62BFFD8E1151}.Debug|x64.Build.0 = Debug|Any CPU
		{EF09F290-3E6C-552C-9A2D-62BFFD8E1151}.Debug|x86.ActiveCfg = Debug|Any CPU
		{EF09F290-3E6C-552C-9A2D-62BFFD8E1151}.Debug|x86.Build.0 = Debug|Any CPU
		{EF09F290-3E6C-552C-9A2D-62BFFD8E1151}.Release|Any CPU.ActiveCfg = Release|Any CPU
		{EF09F290-3E6C-552C-9A2D-62BFFD8E1151}.Release|Any CPU.Build.0 = Release|Any CPU
		{EF09F290-3E6C-552C-9A2D-62BFFD8E1151}.Release|x64.ActiveCfg = Release|Any CPU
		{EF09F290-3E6C-552C-9A2D-62BFFD8E1151}.Release|x64.Build.0 = Release|Any CPU
		{EF09F290-3E6C-552C-9A2D-62BFFD8E1151}.Release|x86.ActiveCfg = Release|Any CPU
		{EF09F290-3E6C-552C-9A2D-62BFFD8E1151}.Release|x86.Build.0 = Release|Any CPU
		{19457F06-3493-5A47-8078-3E05884E0B32}.Debug|Any CPU.ActiveCfg = Debug|Any CPU
		{19457F06-3493-5A47-8078-3E05884E0B32}.Debug|Any CPU.Build.0 = Debug|Any CPU
		{19457F06-3493-5A47-8078-3E05884E0B32}.Debug|x64.ActiveCfg = Debug|Any CPU
		{19457F06-3493-5A47-8078-3E05884E0B32}.Debug|x64.Build.0 = Debug|Any CPU
		{19457F06-3493-5A47-8078-3E05884E0B32}.Debug|x86.ActiveCfg = Debug|Any CPU
		{19457F06-3493-5A47-8078-3E05884E0B32}.Debug|x86.Build.0 = Debug|Any CPU
		{19457F06-3493-5A47-8078-3E05884E0B32}.Release|Any CPU.ActiveCfg = Release|Any CPU
		{19457F06-3493-5A47-8078-3E05884E0B32}.Release|Any CPU.Build.0 = Release|Any CPU
		{19457F06-3493-5A47-8078-3E05884E0B32}.Release|x64.ActiveCfg = Release|Any CPU
		{19457F06-3493-5A47-8078-3E05884E0B32}.Release|x64.Build.0 = Release|Any CPU
		{19457F06-3493-5A47-8078-3E05884E0B32}.Release|x86.ActiveCfg = Release|Any CPU
		{19457F06-3493-5A47-8078-3E05884E0B32}.Release|x86.Build.0 = Release|Any CPU
		{595941CE-0F32-5429-B022-AEDCA217D60D}.Debug|Any CPU.ActiveCfg = Debug|Any CPU
		{595941CE-0F32-5429-B022-AEDCA217D60D}.Debug|Any CPU.Build.0 = Debug|Any CPU
		{595941CE-0F32-5429-B022-AEDCA217D60D}.Debug|x64.ActiveCfg = Debug|Any CPU
		{595941CE-0F32-5429-B022-AEDCA217D60D}.Debug|x64.Build.0 = Debug|Any CPU
		{595941CE-0F32-5429-B022-AEDCA217D60D}.Debug|x86.ActiveCfg = Debug|Any CPU
		{595941CE-0F32-5429-B022-AEDCA217D60D}.Debug|x86.Build.0 = Debug|Any CPU
		{595941CE-0F32-5429-B022-AEDCA217D60D}.Release|Any CPU.ActiveCfg = Release|Any CPU
		{595941CE-0F32-5429-B022-AEDCA217D60D}.Release|Any CPU.Build.0 = Release|Any CPU
		{595941CE-0F32-5429-B022-AEDCA217D60D}.Release|x64.ActiveCfg = Release|Any CPU
		{595941CE-0F32-5429-B022-AEDCA217D60D}.Release|x64.Build.0 = Release|Any CPU
		{595941CE-0F32-5429-B022-AEDCA217D60D}.Release|x86.ActiveCfg = Release|Any CPU
		{595941CE-0F32-5429-B022-AEDCA217D60D}.Release|x86.Build.0 = Release|Any CPU
		{299DD26F-A14D-5F31-A392-28EB2A944A84}.Debug|Any CPU.ActiveCfg = Debug|Any CPU
		{299DD26F-A14D-5F31-A392-28EB2A944A84}.Debug|Any CPU.Build.0 = Debug|Any CPU
		{299DD26F-A14D-5F31-A392-28EB2A944A84}.Debug|x64.ActiveCfg = Debug|Any CPU
		{299DD26F-A14D-5F31-A392-28EB2A944A84}.Debug|x64.Build.0 = Debug|Any CPU
		{299DD26F-A14D-5F31-A392-28EB2A944A84}.Debug|x86.ActiveCfg = Debug|Any CPU
		{299DD26F-A14D-5F31-A392-28EB2A944A84}.Debug|x86.Build.0 = Debug|Any CPU
		{299DD26F-A14D-5F31-A392-28EB2A944A84}.Release|Any CPU.ActiveCfg = Release|Any CPU
		{299DD26F-A14D-5F31-A392-28EB2A944A84}.Release|Any CPU.Build.0 = Release|Any CPU
		{299DD26F-A14D-5F31-A392-28EB2A944A84}.Release|x64.ActiveCfg = Release|Any CPU
		{299DD26F-A14D-5F31-A392-28EB2A944A84}.Release|x64.Build.0 = Release|Any CPU
		{299DD26F-A14D-5F31-A392-28EB2A944A84}.Release|x86.ActiveCfg = Release|Any CPU
		{299DD26F-A14D-5F31-A392-28EB2A944A84}.Release|x86.Build.0 = Release|Any CPU
		{F52141C2-9BBE-5FBE-AD8A-E94A30F363B2}.Debug|Any CPU.ActiveCfg = Debug|Any CPU
		{F52141C2-9BBE-5FBE-AD8A-E94A30F363B2}.Debug|Any CPU.Build.0 = Debug|Any CPU
		{F52141C2-9BBE-5FBE-AD8A-E94A30F363B2}.Debug|x64.ActiveCfg = Debug|Any CPU
		{F52141C2-9BBE-5FBE-AD8A-E94A30F363B2}.Debug|x64.Build.0 = Debug|Any CPU
		{F52141C2-9BBE-5FBE-AD8A-E94A30F363B2}.Debug|x86.ActiveCfg = Debug|Any CPU
		{F52141C2-9BBE-5FBE-AD8A-E94A30F363B2}.Debug|x86.Build.0 = Debug|Any CPU
		{F52141C2-9BBE-5FBE-AD8A-E94A30F363B2}.Release|Any CPU.ActiveCfg = Release|Any CPU
		{F52141C2-9BBE-5FBE-AD8A-E94A30F363B2}.Release|Any CPU.Build.0 = Release|Any CPU
		{F52141C2-9BBE-5FBE-AD8A-E94A30F363B2}.Release|x64.ActiveCfg = Release|Any CPU
		{F52141C2-9BBE-5FBE-AD8A-E94A30F363B2}.Release|x64.Build.0 = Release|Any CPU
		{F52141C2-9BBE-5FBE-AD8A-E94A30F363B2}.Release|x86.ActiveCfg = Release|Any CPU
		{F52141C2-9BBE-5FBE-AD8A-E94A30F363B2}.Release|x86.Build.0 = Release|Any CPU
		{3720DD1E-99F9-51EE-8155-F10C8FCD6848}.Debug|Any CPU.ActiveCfg = Debug|Any CPU
		{3720DD1E-99F9-51EE-8155-F10C8FCD6848}.Debug|Any CPU.Build.0 = Debug|Any CPU
		{3720DD1E-99F9-51EE-8155-F10C8FCD6848}.Debug|x64.ActiveCfg = Debug|Any CPU
		{3720DD1E-99F9-51EE-8155-F10C8FCD6848}.Debug|x64.Build.0 = Debug|Any CPU
		{3720DD1E-99F9-51EE-8155-F10C8FCD6848}.Debug|x86.ActiveCfg = Debug|Any CPU
		{3720DD1E-99F9-51EE-8155-F10C8FCD6848}.Debug|x86.Build.0 = Debug|Any CPU
		{3720DD1E-99F9-51EE-8155-F10C8FCD6848}.Release|Any CPU.ActiveCfg = Release|Any CPU
		{3720DD1E-99F9-51EE-8155-F10C8FCD6848}.Release|Any CPU.Build.0 = Release|Any CPU
		{3720DD1E-99F9-51EE-8155-F10C8FCD6848}.Release|x64.ActiveCfg = Release|Any CPU
		{3720DD1E-99F9-51EE-8155-F10C8FCD6848}.Release|x64.Build.0 = Release|Any CPU
		{3720DD1E-99F9-51EE-8155-F10C8FCD6848}.Release|x86.ActiveCfg = Release|Any CPU
		{3720DD1E-99F9-51EE-8155-F10C8FCD6848}.Release|x86.Build.0 = Release|Any CPU
		{83899E90-9F47-5565-A4BE-8670E00DFB1C}.Debug|Any CPU.ActiveCfg = Debug|Any CPU
		{83899E90-9F47-5565-A4BE-8670E00DFB1C}.Debug|Any CPU.Build.0 = Debug|Any CPU
		{83899E90-9F47-5565-A4BE-8670E00DFB1C}.Debug|x64.ActiveCfg = Debug|Any CPU
		{83899E90-9F47-5565-A4BE-8670E00DFB1C}.Debug|x64.Build.0 = Debug|Any CPU
		{83899E90-9F47-5565-A4BE-8670E00DFB1C}.Debug|x86.ActiveCfg = Debug|Any CPU
		{83899E90-9F47-5565-A4BE-8670E00DFB1C}.Debug|x86.Build.0 = Debug|Any CPU
		{83899E90-9F47-5565-A4BE-8670E00DFB1C}.Release|Any CPU.ActiveCfg = Release|Any CPU
		{83899E90-9F47-5565-A4BE-8670E00DFB1C}.Release|Any CPU.Build.0 = Release|Any CPU
		{83899E90-9F47-5565-A4BE-8670E00DFB1C}.Release|x64.ActiveCfg = Release|Any CPU
		{83899E90-9F47-5565-A4BE-8670E00DFB1C}.Release|x64.Build.0 = Release|Any CPU
		{83899E90-9F47-5565-A4BE-8670E00DFB1C}.Release|x86.ActiveCfg = Release|Any CPU
		{83899E90-9F47-5565-A4BE-8670E00DFB1C}.Release|x86.Build.0 = Release|Any CPU
		{2BD7C837-7DAE-5AC3-947E-45E53475966C}.Debug|Any CPU.ActiveCfg = Debug|Any CPU
		{2BD7C837-7DAE-5AC3-947E-45E53475966C}.Debug|Any CPU.Build.0 = Debug|Any CPU
		{2BD7C837-7DAE-5AC3-947E-45E53475966C}.Debug|x64.ActiveCfg = Debug|Any CPU
		{2BD7C837-7DAE-5AC3-947E-45E53475966C}.Debug|x64.Build.0 = Debug|Any CPU
		{2BD7C837-7DAE-5AC3-947E-45E53475966C}.Debug|x86.ActiveCfg = Debug|Any CPU
		{2BD7C837-7DAE-5AC3-947E-45E53475966C}.Debug|x86.Build.0 = Debug|Any CPU
		{2BD7C837-7DAE-5AC3-947E-45E53475966C}.Release|Any CPU.ActiveCfg = Release|Any CPU
		{2BD7C837-7DAE-5AC3-947E-45E53475966C}.Release|Any CPU.Build.0 = Release|Any CPU
		{2BD7C837-7DAE-5AC3-947E-45E53475966C}.Release|x64.ActiveCfg = Release|Any CPU
		{2BD7C837-7DAE-5AC3-947E-45E53475966C}.Release|x64.Build.0 = Release|Any CPU
		{2BD7C837-7DAE-5AC3-947E-45E53475966C}.Release|x86.ActiveCfg = Release|Any CPU
		{2BD7C837-7DAE-5AC3-947E-45E53475966C}.Release|x86.Build.0 = Release|Any CPU
		{8CBBF7B8-2549-50FC-B9A1-25F792D3C7A9}.Debug|Any CPU.ActiveCfg = Debug|Any CPU
		{8CBBF7B8-2549-50FC-B9A1-25F792D3C7A9}.Debug|Any CPU.Build.0 = Debug|Any CPU
		{8CBBF7B8-2549-50FC-B9A1-25F792D3C7A9}.Debug|x64.ActiveCfg = Debug|Any CPU
		{8CBBF7B8-2549-50FC-B9A1-25F792D3C7A9}.Debug|x64.Build.0 = Debug|Any CPU
		{8CBBF7B8-2549-50FC-B9A1-25F792D3C7A9}.Debug|x86.ActiveCfg = Debug|Any CPU
		{8CBBF7B8-2549-50FC-B9A1-25F792D3C7A9}.Debug|x86.Build.0 = Debug|Any CPU
		{8CBBF7B8-2549-50FC-B9A1-25F792D3C7A9}.Release|Any CPU.ActiveCfg = Release|Any CPU
		{8CBBF7B8-2549-50FC-B9A1-25F792D3C7A9}.Release|Any CPU.Build.0 = Release|Any CPU
		{8CBBF7B8-2549-50FC-B9A1-25F792D3C7A9}.Release|x64.ActiveCfg = Release|Any CPU
		{8CBBF7B8-2549-50FC-B9A1-25F792D3C7A9}.Release|x64.Build.0 = Release|Any CPU
		{8CBBF7B8-2549-50FC-B9A1-25F792D3C7A9}.Release|x86.ActiveCfg = Release|Any CPU
		{8CBBF7B8-2549-50FC-B9A1-25F792D3C7A9}.Release|x86.Build.0 = Release|Any CPU
		{4CB81D9F-CE04-5D2F-AA98-834F453E9E46}.Debug|Any CPU.ActiveCfg = Debug|Any CPU
		{4CB81D9F-CE04-5D2F-AA98-834F453E9E46}.Debug|Any CPU.Build.0 = Debug|Any CPU
		{4CB81D9F-CE04-5D2F-AA98-834F453E9E46}.Debug|x64.ActiveCfg = Debug|Any CPU
		{4CB81D9F-CE04-5D2F-AA98-834F453E9E46}.Debug|x64.Build.0 = Debug|Any CPU
		{4CB81D9F-CE04-5D2F-AA98-834F453E9E46}.Debug|x86.ActiveCfg = Debug|Any CPU
		{4CB81D9F-CE04-5D2F-AA98-834F453E9E46}.Debug|x86.Build.0 = Debug|Any CPU
		{4CB81D9F-CE04-5D2F-AA98-834F453E9E46}.Release|Any CPU.ActiveCfg = Release|Any CPU
		{4CB81D9F-CE04-5D2F-AA98-834F453E9E46}.Release|Any CPU.Build.0 = Release|Any CPU
		{4CB81D9F-CE04-5D2F-AA98-834F453E9E46}.Release|x64.ActiveCfg = Release|Any CPU
		{4CB81D9F-CE04-5D2F-AA98-834F453E9E46}.Release|x64.Build.0 = Release|Any CPU
		{4CB81D9F-CE04-5D2F-AA98-834F453E9E46}.Release|x86.ActiveCfg = Release|Any CPU
		{4CB81D9F-CE04-5D2F-AA98-834F453E9E46}.Release|x86.Build.0 = Release|Any CPU
		{CC32E082-211C-5C1E-AD7F-C2C02C34424A}.Debug|Any CPU.ActiveCfg = Debug|Any CPU
		{CC32E082-211C-5C1E-AD7F-C2C02C34424A}.Debug|Any CPU.Build.0 = Debug|Any CPU
		{CC32E082-211C-5C1E-AD7F-C2C02C34424A}.Debug|x64.ActiveCfg = Debug|Any CPU
		{CC32E082-211C-5C1E-AD7F-C2C02C34424A}.Debug|x64.Build.0 = Debug|Any CPU
		{CC32E082-211C-5C1E-AD7F-C2C02C34424A}.Debug|x86.ActiveCfg = Debug|Any CPU
		{CC32E082-211C-5C1E-AD7F-C2C02C34424A}.Debug|x86.Build.0 = Debug|Any CPU
		{CC32E082-211C-5C1E-AD7F-C2C02C34424A}.Release|Any CPU.ActiveCfg = Release|Any CPU
		{CC32E082-211C-5C1E-AD7F-C2C02C34424A}.Release|Any CPU.Build.0 = Release|Any CPU
		{CC32E082-211C-5C1E-AD7F-C2C02C34424A}.Release|x64.ActiveCfg = Release|Any CPU
		{CC32E082-211C-5C1E-AD7F-C2C02C34424A}.Release|x64.Build.0 = Release|Any CPU
		{CC32E082-211C-5C1E-AD7F-C2C02C34424A}.Release|x86.ActiveCfg = Release|Any CPU
		{CC32E082-211C-5C1E-AD7F-C2C02C34424A}.Release|x86.Build.0 = Release|Any CPU
		{6247368D-1465-5017-8334-BB2EDD9B4BC4}.Debug|Any CPU.ActiveCfg = Debug|Any CPU
		{6247368D-1465-5017-8334-BB2EDD9B4BC4}.Debug|Any CPU.Build.0 = Debug|Any CPU
		{6247368D-1465-5017-8334-BB2EDD9B4BC4}.Debug|x64.ActiveCfg = Debug|Any CPU
		{6247368D-1465-5017-8334-BB2EDD9B4BC4}.Debug|x64.Build.0 = Debug|Any CPU
		{6247368D-1465-5017-8334-BB2EDD9B4BC4}.Debug|x86.ActiveCfg = Debug|Any CPU
		{6247368D-1465-5017-8334-BB2EDD9B4BC4}.Debug|x86.Build.0 = Debug|Any CPU
		{6247368D-1465-5017-8334-BB2EDD9B4BC4}.Release|Any CPU.ActiveCfg = Release|Any CPU
		{6247368D-1465-5017-8334-BB2EDD9B4BC4}.Release|Any CPU.Build.0 = Release|Any CPU
		{6247368D-1465-5017-8334-BB2EDD9B4BC4}.Release|x64.ActiveCfg = Release|Any CPU
		{6247368D-1465-5017-8334-BB2EDD9B4BC4}.Release|x64.Build.0 = Release|Any CPU
		{6247368D-1465-5017-8334-BB2EDD9B4BC4}.Release|x86.ActiveCfg = Release|Any CPU
		{6247368D-1465-5017-8334-BB2EDD9B4BC4}.Release|x86.Build.0 = Release|Any CPU
		{C01A70C8-F87C-5583-A3F3-EC32C42C40EC}.Debug|Any CPU.ActiveCfg = Debug|Any CPU
		{C01A70C8-F87C-5583-A3F3-EC32C42C40EC}.Debug|Any CPU.Build.0 = Debug|Any CPU
		{C01A70C8-F87C-5583-A3F3-EC32C42C40EC}.Debug|x64.ActiveCfg = Debug|Any CPU
		{C01A70C8-F87C-5583-A3F3-EC32C42C40EC}.Debug|x64.Build.0 = Debug|Any CPU
		{C01A70C8-F87C-5583-A3F3-EC32C42C40EC}.Debug|x86.ActiveCfg = Debug|Any CPU
		{C01A70C8-F87C-5583-A3F3-EC32C42C40EC}.Debug|x86.Build.0 = Debug|Any CPU
		{C01A70C8-F87C-5583-A3F3-EC32C42C40EC}.Release|Any CPU.ActiveCfg = Release|Any CPU
		{C01A70C8-F87C-5583-A3F3-EC32C42C40EC}.Release|Any CPU.Build.0 = Release|Any CPU
		{C01A70C8-F87C-5583-A3F3-EC32C42C40EC}.Release|x64.ActiveCfg = Release|Any CPU
		{C01A70C8-F87C-5583-A3F3-EC32C42C40EC}.Release|x64.Build.0 = Release|Any CPU
		{C01A70C8-F87C-5583-A3F3-EC32C42C40EC}.Release|x86.ActiveCfg = Release|Any CPU
		{C01A70C8-F87C-5583-A3F3-EC32C42C40EC}.Release|x86.Build.0 = Release|Any CPU
		{1C515BE3-94B1-5B56-89C6-9EDC70B66B77}.Debug|Any CPU.ActiveCfg = Debug|Any CPU
		{1C515BE3-94B1-5B56-89C6-9EDC70B66B77}.Debug|Any CPU.Build.0 = Debug|Any CPU
		{1C515BE3-94B1-5B56-89C6-9EDC70B66B77}.Debug|x64.ActiveCfg = Debug|Any CPU
		{1C515BE3-94B1-5B56-89C6-9EDC70B66B77}.Debug|x64.Build.0 = Debug|Any CPU
		{1C515BE3-94B1-5B56-89C6-9EDC70B66B77}.Debug|x86.ActiveCfg = Debug|Any CPU
		{1C515BE3-94B1-5B56-89C6-9EDC70B66B77}.Debug|x86.Build.0 = Debug|Any CPU
		{1C515BE3-94B1-5B56-89C6-9EDC70B66B77}.Release|Any CPU.ActiveCfg = Release|Any CPU
		{1C515BE3-94B1-5B56-89C6-9EDC70B66B77}.Release|Any CPU.Build.0 = Release|Any CPU
		{1C515BE3-94B1-5B56-89C6-9EDC70B66B77}.Release|x64.ActiveCfg = Release|Any CPU
		{1C515BE3-94B1-5B56-89C6-9EDC70B66B77}.Release|x64.Build.0 = Release|Any CPU
		{1C515BE3-94B1-5B56-89C6-9EDC70B66B77}.Release|x86.ActiveCfg = Release|Any CPU
		{1C515BE3-94B1-5B56-89C6-9EDC70B66B77}.Release|x86.Build.0 = Release|Any CPU
	EndGlobalSection
	GlobalSection(SolutionProperties) = preSolution
		HideSolutionNode = FALSE
	EndGlobalSection
	GlobalSection(NestedProjects) = preSolution
		{7CB68CE5-396E-5616-9E93-829391CA38A6} = {FBF56CC3-7AE6-AD2D-3F14-7F97FD322CD6}
		{52B84420-B701-5D18-8EC9-47D160591F11} = {FBF56CC3-7AE6-AD2D-3F14-7F97FD322CD6}
		{3D31656F-1C09-5AE3-9A86-DD24916185AA} = {FBF56CC3-7AE6-AD2D-3F14-7F97FD322CD6}
		{93828992-7122-504F-B982-4871EABEC162} = {FBF56CC3-7AE6-AD2D-3F14-7F97FD322CD6}
		{AE2C40D4-66FF-55DE-8598-B5782947092B} = {FBF56CC3-7AE6-AD2D-3F14-7F97FD322CD6}
		{1DCE0B07-9B0A-507B-9577-EE8EBD0BCD39} = {FBF56CC3-7AE6-AD2D-3F14-7F97FD322CD6}
		{5D534D00-F315-57E6-B200-D96B5621DCC8} = {FBF56CC3-7AE6-AD2D-3F14-7F97FD322CD6}
		{CAECF302-E3EA-5BEB-8AC6-94DAE3C64069} = {FBF56CC3-7AE6-AD2D-3F14-7F97FD322CD6}
		{2580875E-C2F3-5220-A368-7B54FDDF27D2} = {2F3EF1A3-B2B0-B28C-122D-FFB85167A4CE}
		{CCCC4D32-27BD-50E3-8643-7CBBCC4B69C8} = {FBF56CC3-7AE6-AD2D-3F14-7F97FD322CD6}
		{5D39FAED-6BC6-56FA-AE93-60A01641B383} = {FBF56CC3-7AE6-AD2D-3F14-7F97FD322CD6}
		{196B1D59-287D-5DFB-983D-BD33266B1B65} = {FBF56CC3-7AE6-AD2D-3F14-7F97FD322CD6}
		{BA53A53D-8C2B-5880-841F-52866D0BADFF} = {FBF56CC3-7AE6-AD2D-3F14-7F97FD322CD6}
		{388A1295-ED6A-53C9-AFBA-63DDE4563C38} = {FBF56CC3-7AE6-AD2D-3F14-7F97FD322CD6}
		{5FB0949A-ABAB-546E-83D6-2262C2B027F1} = {FBF56CC3-7AE6-AD2D-3F14-7F97FD322CD6}
		{8ED5AA24-37F3-5072-8D10-302399DA97C3} = {FBF56CC3-7AE6-AD2D-3F14-7F97FD322CD6}
		{972C50C6-ACC3-5AB6-ADC8-FFDABD086E31} = {FBF56CC3-7AE6-AD2D-3F14-7F97FD322CD6}
		{1A06F190-51FF-5050-BBE2-E033121038C8} = {FBF56CC3-7AE6-AD2D-3F14-7F97FD322CD6}
		{CA2B4052-423B-528C-B0C3-42A645BA93C9} = {FBF56CC3-7AE6-AD2D-3F14-7F97FD322CD6}
		{510E284D-7C24-5DCD-AE6A-0C8E0EF02FF1} = {FBF56CC3-7AE6-AD2D-3F14-7F97FD322CD6}
		{94A96827-6078-5CCD-909E-E695B7FD1673} = {FBF56CC3-7AE6-AD2D-3F14-7F97FD322CD6}
		{3893E5B9-3D4C-56D7-82D4-3ACC6D54FB91} = {FBF56CC3-7AE6-AD2D-3F14-7F97FD322CD6}
		{A3BE1F09-E21B-58D4-B103-8A580757A39A} = {FBF56CC3-7AE6-AD2D-3F14-7F97FD322CD6}
		{EF09F290-3E6C-552C-9A2D-62BFFD8E1151} = {FBF56CC3-7AE6-AD2D-3F14-7F97FD322CD6}
		{19457F06-3493-5A47-8078-3E05884E0B32} = {FBF56CC3-7AE6-AD2D-3F14-7F97FD322CD6}
		{595941CE-0F32-5429-B022-AEDCA217D60D} = {5D20AA90-6969-D8BD-9DCD-8634F4692FDA}
		{299DD26F-A14D-5F31-A392-28EB2A944A84} = {5D20AA90-6969-D8BD-9DCD-8634F4692FDA}
		{F52141C2-9BBE-5FBE-AD8A-E94A30F363B2} = {5D20AA90-6969-D8BD-9DCD-8634F4692FDA}
		{3720DD1E-99F9-51EE-8155-F10C8FCD6848} = {5D20AA90-6969-D8BD-9DCD-8634F4692FDA}
		{83899E90-9F47-5565-A4BE-8670E00DFB1C} = {5D20AA90-6969-D8BD-9DCD-8634F4692FDA}
		{2BD7C837-7DAE-5AC3-947E-45E53475966C} = {5D20AA90-6969-D8BD-9DCD-8634F4692FDA}
		{8CBBF7B8-2549-50FC-B9A1-25F792D3C7A9} = {5D20AA90-6969-D8BD-9DCD-8634F4692FDA}
		{4CB81D9F-CE04-5D2F-AA98-834F453E9E46} = {5D20AA90-6969-D8BD-9DCD-8634F4692FDA}
		{CC32E082-211C-5C1E-AD7F-C2C02C34424A} = {5D20AA90-6969-D8BD-9DCD-8634F4692FDA}
		{6247368D-1465-5017-8334-BB2EDD9B4BC4} = {5D20AA90-6969-D8BD-9DCD-8634F4692FDA}
		{C01A70C8-F87C-5583-A3F3-EC32C42C40EC} = {5D20AA90-6969-D8BD-9DCD-8634F4692FDA}
		{1C515BE3-94B1-5B56-89C6-9EDC70B66B77} = {5D20AA90-6969-D8BD-9DCD-8634F4692FDA}
	EndGlobalSection
EndGlobal
